
Microsoft Visual Studio Solution File, Format Version 12.00
# Visual Studio Version 16
VisualStudioVersion = 16.0.30114.105
MinimumVisualStudioVersion = 10.0.40219.1
Project("{FAE04EC0-301F-11D3-BF4B-00C04F79EFBC}") = "Procon32API", "Procon32API\Procon32API.csproj", "{B3914AEA-2FE1-479C-A36F-D921F04CED6F}"
EndProject
Project("{FAE04EC0-301F-11D3-BF4B-00C04F79EFBC}") = "Procon32APITest", "Procon32APITest\Procon32APITest.csproj", "{47829242-59A8-4F6C-9AD0-490F1025C61B}"
EndProject
Global
	GlobalSection(SolutionConfigurationPlatforms) = preSolution
		Debug|Any CPU = Debug|Any CPU
		Debug|x64 = Debug|x64
		Debug|x86 = Debug|x86
		Release|Any CPU = Release|Any CPU
		Release|x64 = Release|x64
		Release|x86 = Release|x86
	EndGlobalSection
	GlobalSection(SolutionProperties) = preSolution
		HideSolutionNode = FALSE
	EndGlobalSection
	GlobalSection(ProjectConfigurationPlatforms) = postSolution
		{B3914AEA-2FE1-479C-A36F-D921F04CED6F}.Debug|Any CPU.ActiveCfg = Debug|Any CPU
		{B3914AEA-2FE1-479C-A36F-D921F04CED6F}.Debug|Any CPU.Build.0 = Debug|Any CPU
		{B3914AEA-2FE1-479C-A36F-D921F04CED6F}.Debug|x64.ActiveCfg = Debug|Any CPU
		{B3914AEA-2FE1-479C-A36F-D921F04CED6F}.Debug|x64.Build.0 = Debug|Any CPU
		{B3914AEA-2FE1-479C-A36F-D921F04CED6F}.Debug|x86.ActiveCfg = Debug|Any CPU
		{B3914AEA-2FE1-479C-A36F-D921F04CED6F}.Debug|x86.Build.0 = Debug|Any CPU
		{B3914AEA-2FE1-479C-A36F-D921F04CED6F}.Release|Any CPU.ActiveCfg = Release|Any CPU
		{B3914AEA-2FE1-479C-A36F-D921F04CED6F}.Release|Any CPU.Build.0 = Release|Any CPU
		{B3914AEA-2FE1-479C-A36F-D921F04CED6F}.Release|x64.ActiveCfg = Release|Any CPU
		{B3914AEA-2FE1-479C-A36F-D921F04CED6F}.Release|x64.Build.0 = Release|Any CPU
		{B3914AEA-2FE1-479C-A36F-D921F04CED6F}.Release|x86.ActiveCfg = Release|Any CPU
		{B3914AEA-2FE1-479C-A36F-D921F04CED6F}.Release|x86.Build.0 = Release|Any CPU
		{47829242-59A8-4F6C-9AD0-490F1025C61B}.Debug|Any CPU.ActiveCfg = Debug|Any CPU
		{47829242-59A8-4F6C-9AD0-490F1025C61B}.Debug|Any CPU.Build.0 = Debug|Any CPU
		{47829242-59A8-4F6C-9AD0-490F1025C61B}.Debug|x64.ActiveCfg = Debug|Any CPU
		{47829242-59A8-4F6C-9AD0-490F1025C61B}.Debug|x64.Build.0 = Debug|Any CPU
		{47829242-59A8-4F6C-9AD0-490F1025C61B}.Debug|x86.ActiveCfg = Debug|Any CPU
		{47829242-59A8-4F6C-9AD0-490F1025C61B}.Debug|x86.Build.0 = Debug|Any CPU
		{47829242-59A8-4F6C-9AD0-490F1025C61B}.Release|Any CPU.ActiveCfg = Release|Any CPU
		{47829242-59A8-4F6C-9AD0-490F1025C61B}.Release|Any CPU.Build.0 = Release|Any CPU
		{47829242-59A8-4F6C-9AD0-490F1025C61B}.Release|x64.ActiveCfg = Release|Any CPU
		{47829242-59A8-4F6C-9AD0-490F1025C61B}.Release|x64.Build.0 = Release|Any CPU
		{47829242-59A8-4F6C-9AD0-490F1025C61B}.Release|x86.ActiveCfg = Release|Any CPU
		{47829242-59A8-4F6C-9AD0-490F1025C61B}.Release|x86.Build.0 = Release|Any CPU
	EndGlobalSection
EndGlobal
